
Microsoft Visual Studio Solution File, Format Version 12.00
# Visual Studio Version 17
VisualStudioVersion = 17.11.35312.102
MinimumVisualStudioVersion = 10.0.40219.1
Project("{FAE04EC0-301F-11D3-BF4B-00C04F79EFBC}") = "PracticaCV_Alejandro", "PracticaCV_Alejandro\PracticaCV_Alejandro.csproj", "{B1411C15-541A-4388-9FDE-A78E62751035}"
EndProject
Global
	GlobalSection(SolutionConfigurationPlatforms) = preSolution
		Debug|Any CPU = Debug|Any CPU
		Release|Any CPU = Release|Any CPU
	EndGlobalSection
	GlobalSection(ProjectConfigurationPlatforms) = postSolution
		{B1411C15-541A-4388-9FDE-A78E62751035}.Debug|Any CPU.ActiveCfg = Debug|Any CPU
		{B1411C15-541A-4388-9FDE-A78E62751035}.Debug|Any CPU.Build.0 = Debug|Any CPU
		{B1411C15-541A-4388-9FDE-A78E62751035}.Release|Any CPU.ActiveCfg = Release|Any CPU
		{B1411C15-541A-4388-9FDE-A78E62751035}.Release|Any CPU.Build.0 = Release|Any CPU
	EndGlobalSection
	GlobalSection(SolutionProperties) = preSolution
		HideSolutionNode = FALSE
	EndGlobalSection
	GlobalSection(ExtensibilityGlobals) = postSolution
		SolutionGuid = {B7561227-E9BB-43AB-8410-FDBDE066F7F9}
	EndGlobalSection
EndGlobal
